
Microsoft Visual Studio Solution File, Format Version 12.00
# Visual Studio 2013
VisualStudioVersion = 12.0.40629.0
MinimumVisualStudioVersion = 10.0.40219.1
Project("{FAE04EC0-301F-11D3-BF4B-00C04F79EFBC}") = "Hatech.Rbac.Web", "Hatech.Rbac.Web\Hatech.Rbac.Web.csproj", "{12E59A7A-B9D5-4F55-82E1-B7B9BF969176}"
EndProject
Project("{FAE04EC0-301F-11D3-BF4B-00C04F79EFBC}") = "Hatech.Rbac.WebApi", "Hatech.Rbac.WebApi\Hatech.Rbac.WebApi.csproj", "{EC536E2C-C293-4E62-820F-DD5DDA9964A1}"
EndProject
Global
	GlobalSection(SolutionConfigurationPlatforms) = preSolution
		Debug|Any CPU = Debug|Any CPU
		Release|Any CPU = Release|Any CPU
	EndGlobalSection
	GlobalSection(ProjectConfigurationPlatforms) = postSolution
		{12E59A7A-B9D5-4F55-82E1-B7B9BF969176}.Debug|Any CPU.ActiveCfg = Debug|Any CPU
		{12E59A7A-B9D5-4F55-82E1-B7B9BF969176}.Debug|Any CPU.Build.0 = Debug|Any CPU
		{12E59A7A-B9D5-4F55-82E1-B7B9BF969176}.Release|Any CPU.ActiveCfg = Release|Any CPU
		{12E59A7A-B9D5-4F55-82E1-B7B9BF969176}.Release|Any CPU.Build.0 = Release|Any CPU
		{EC536E2C-C293-4E62-820F-DD5DDA9964A1}.Debug|Any CPU.ActiveCfg = Debug|Any CPU
		{EC536E2C-C293-4E62-820F-DD5DDA9964A1}.Debug|Any CPU.Build.0 = Debug|Any CPU
		{EC536E2C-C293-4E62-820F-DD5DDA9964A1}.Release|Any CPU.ActiveCfg = Release|Any CPU
		{EC536E2C-C293-4E62-820F-DD5DDA9964A1}.Release|Any CPU.Build.0 = Release|Any CPU
	EndGlobalSection
	GlobalSection(SolutionProperties) = preSolution
		HideSolutionNode = FALSE
	EndGlobalSection
EndGlobal
